
Microsoft Visual Studio Solution File, Format Version 12.00
# Visual Studio Version 17
VisualStudioVersion = 17.6.33723.286
MinimumVisualStudioVersion = 10.0.40219.1
Project("{FAE04EC0-301F-11D3-BF4B-00C04F79EFBC}") = "CoursInterfaceGraphique", "CoursInterfaceGraphique\CoursInterfaceGraphique.csproj", "{CF96B1ED-084B-4A1D-B9A2-10C4818F496E}"
EndProject
Global
	GlobalSection(SolutionConfigurationPlatforms) = preSolution
		Debug|Any CPU = Debug|Any CPU
		Release|Any CPU = Release|Any CPU
	EndGlobalSection
	GlobalSection(ProjectConfigurationPlatforms) = postSolution
		{CF96B1ED-084B-4A1D-B9A2-10C4818F496E}.Debug|Any CPU.ActiveCfg = Debug|Any CPU
		{CF96B1ED-084B-4A1D-B9A2-10C4818F496E}.Debug|Any CPU.Build.0 = Debug|Any CPU
		{CF96B1ED-084B-4A1D-B9A2-10C4818F496E}.Release|Any CPU.ActiveCfg = Release|Any CPU
		{CF96B1ED-084B-4A1D-B9A2-10C4818F496E}.Release|Any CPU.Build.0 = Release|Any CPU
	EndGlobalSection
	GlobalSection(SolutionProperties) = preSolution
		HideSolutionNode = FALSE
	EndGlobalSection
	GlobalSection(ExtensibilityGlobals) = postSolution
		SolutionGuid = {3DC89546-B507-4740-BA5E-0BED16973B78}
	EndGlobalSection
EndGlobal
